
Microsoft Visual Studio Solution File, Format Version 12.00
# Visual Studio Version 17
VisualStudioVersion = 17.13.35919.96
MinimumVisualStudioVersion = 10.0.40219.1
Project("{FAE04EC0-301F-11D3-BF4B-00C04F79EFBC}") = "Edam.UI.AppMain", "Edam.UI.AppMain\Edam.UI.AppMain.csproj", "{41838774-1ACF-4A47-AE6C-F754B21DFCE1}"
EndProject
Project("{FAE04EC0-301F-11D3-BF4B-00C04F79EFBC}") = "Edam.UI.Common", "Edam.UI.Common\Edam.UI.Common.csproj", "{CC730BAF-D286-4086-95FF-89984AD88D46}"
EndProject
Project("{FAE04EC0-301F-11D3-BF4B-00C04F79EFBC}") = "Edam.UI.ProjectLibrary", "Edam.UI.ProjectLibrary\Edam.UI.ProjectLibrary.csproj", "{8A186623-DAF3-4281-8738-D7193FE194DE}"
EndProject
Project("{FAE04EC0-301F-11D3-BF4B-00C04F79EFBC}") = "Edam.UI.Common.Console", "Edam.UI.Common.Console\Edam.UI.Common.Console.csproj", "{6A83F05B-CD6F-4CD1-AE36-6C2F5AECF574}"
EndProject
Global
	GlobalSection(SolutionConfigurationPlatforms) = preSolution
		Debug|Any CPU = Debug|Any CPU
		Release|Any CPU = Release|Any CPU
	EndGlobalSection
	GlobalSection(ProjectConfigurationPlatforms) = postSolution
		{41838774-1ACF-4A47-AE6C-F754B21DFCE1}.Debug|Any CPU.ActiveCfg = Debug|Any CPU
		{41838774-1ACF-4A47-AE6C-F754B21DFCE1}.Debug|Any CPU.Build.0 = Debug|Any CPU
		{41838774-1ACF-4A47-AE6C-F754B21DFCE1}.Release|Any CPU.ActiveCfg = Release|Any CPU
		{41838774-1ACF-4A47-AE6C-F754B21DFCE1}.Release|Any CPU.Build.0 = Release|Any CPU
		{CC730BAF-D286-4086-95FF-89984AD88D46}.Debug|Any CPU.ActiveCfg = Debug|Any CPU
		{CC730BAF-D286-4086-95FF-89984AD88D46}.Debug|Any CPU.Build.0 = Debug|Any CPU
		{CC730BAF-D286-4086-95FF-89984AD88D46}.Release|Any CPU.ActiveCfg = Release|Any CPU
		{CC730BAF-D286-4086-95FF-89984AD88D46}.Release|Any CPU.Build.0 = Release|Any CPU
		{8A186623-DAF3-4281-8738-D7193FE194DE}.Debug|Any CPU.ActiveCfg = Debug|Any CPU
		{8A186623-DAF3-4281-8738-D7193FE194DE}.Debug|Any CPU.Build.0 = Debug|Any CPU
		{8A186623-DAF3-4281-8738-D7193FE194DE}.Release|Any CPU.ActiveCfg = Release|Any CPU
		{8A186623-DAF3-4281-8738-D7193FE194DE}.Release|Any CPU.Build.0 = Release|Any CPU
		{6A83F05B-CD6F-4CD1-AE36-6C2F5AECF574}.Debug|Any CPU.ActiveCfg = Debug|x64
		{6A83F05B-CD6F-4CD1-AE36-6C2F5AECF574}.Debug|Any CPU.Build.0 = Debug|x64
		{6A83F05B-CD6F-4CD1-AE36-6C2F5AECF574}.Debug|Any CPU.Deploy.0 = Debug|x64
		{6A83F05B-CD6F-4CD1-AE36-6C2F5AECF574}.Release|Any CPU.ActiveCfg = Release|x64
		{6A83F05B-CD6F-4CD1-AE36-6C2F5AECF574}.Release|Any CPU.Build.0 = Release|x64
		{6A83F05B-CD6F-4CD1-AE36-6C2F5AECF574}.Release|Any CPU.Deploy.0 = Release|x64
	EndGlobalSection
	GlobalSection(SolutionProperties) = preSolution
		HideSolutionNode = FALSE
	EndGlobalSection
	GlobalSection(ExtensibilityGlobals) = postSolution
		SolutionGuid = {EC3BB718-4597-4225-9120-B5E112B11627}
	EndGlobalSection
EndGlobal
